
Microsoft Visual Studio Solution File, Format Version 12.00
# Visual Studio 15
VisualStudioVersion = 15.0.28307.168
MinimumVisualStudioVersion = 10.0.40219.1
Project("{2150E333-8FDC-42A3-9474-1A3956D46DE8}") = "src", "src", "{FC79963D-C406-46B5-994C-5E24C41B309D}"
EndProject
Project("{9A19103F-16F7-4668-BE54-9A1E7A4F7556}") = "IdentityServer", "IdentityServer\IdentityServer.csproj", "{769CFE4F-BF24-4481-9923-558F23555465}"
EndProject
Project("{9A19103F-16F7-4668-BE54-9A1E7A4F7556}") = "Api", "Api\Api.csproj", "{C3691CA5-6A19-49A0-BA58-99E72D45099C}"
EndProject
Project("{9A19103F-16F7-4668-BE54-9A1E7A4F7556}") = "JavaScriptClient", "JavaScriptClient\JavaScriptClient.csproj", "{CEC41878-58F1-4AD9-BE1C-E71FD2872B29}"
EndProject
Global
	GlobalSection(SolutionConfigurationPlatforms) = preSolution
		Debug|Any CPU = Debug|Any CPU
		Release|Any CPU = Release|Any CPU
	EndGlobalSection
	GlobalSection(ProjectConfigurationPlatforms) = postSolution
		{769CFE4F-BF24-4481-9923-558F23555465}.Debug|Any CPU.ActiveCfg = Debug|Any CPU
		{769CFE4F-BF24-4481-9923-558F23555465}.Debug|Any CPU.Build.0 = Debug|Any CPU
		{769CFE4F-BF24-4481-9923-558F23555465}.Release|Any CPU.ActiveCfg = Release|Any CPU
		{769CFE4F-BF24-4481-9923-558F23555465}.Release|Any CPU.Build.0 = Release|Any CPU
		{C3691CA5-6A19-49A0-BA58-99E72D45099C}.Debug|Any CPU.ActiveCfg = Debug|Any CPU
		{C3691CA5-6A19-49A0-BA58-99E72D45099C}.Debug|Any CPU.Build.0 = Debug|Any CPU
		{C3691CA5-6A19-49A0-BA58-99E72D45099C}.Release|Any CPU.ActiveCfg = Release|Any CPU
		{C3691CA5-6A19-49A0-BA58-99E72D45099C}.Release|Any CPU.Build.0 = Release|Any CPU
		{CEC41878-58F1-4AD9-BE1C-E71FD2872B29}.Debug|Any CPU.ActiveCfg = Debug|Any CPU
		{CEC41878-58F1-4AD9-BE1C-E71FD2872B29}.Debug|Any CPU.Build.0 = Debug|Any CPU
		{CEC41878-58F1-4AD9-BE1C-E71FD2872B29}.Release|Any CPU.ActiveCfg = Release|Any CPU
		{CEC41878-58F1-4AD9-BE1C-E71FD2872B29}.Release|Any CPU.Build.0 = Release|Any CPU
	EndGlobalSection
	GlobalSection(SolutionProperties) = preSolution
		HideSolutionNode = FALSE
	EndGlobalSection
	GlobalSection(NestedProjects) = preSolution
		{769CFE4F-BF24-4481-9923-558F23555465} = {FC79963D-C406-46B5-994C-5E24C41B309D}
		{C3691CA5-6A19-49A0-BA58-99E72D45099C} = {FC79963D-C406-46B5-994C-5E24C41B309D}
		{CEC41878-58F1-4AD9-BE1C-E71FD2872B29} = {FC79963D-C406-46B5-994C-5E24C41B309D}
	EndGlobalSection
	GlobalSection(ExtensibilityGlobals) = postSolution
		SolutionGuid = {5400E0EA-CA68-4D81-93B3-D0F331FE8EAD}
	EndGlobalSection
EndGlobal
