
Microsoft Visual Studio Solution File, Format Version 12.00
# Visual Studio 15
VisualStudioVersion = 15.0.28307.168
MinimumVisualStudioVersion = 10.0.40219.1
Project("{FAE04EC0-301F-11D3-BF4B-00C04F79EFBC}") = "MvcClient", "MvcClient\MvcClient.csproj", "{6BC9933A-E411-4ACB-A771-130157405311}"
EndProject
Project("{FAE04EC0-301F-11D3-BF4B-00C04F79EFBC}") = "IdentityServer", "IdentityServer\IdentityServer.csproj", "{858EA95E-7321-43E0-910A-2DCDCF236243}"
EndProject
Global
	GlobalSection(SolutionConfigurationPlatforms) = preSolution
		Debug|Any CPU = Debug|Any CPU
		Release|Any CPU = Release|Any CPU
	EndGlobalSection
	GlobalSection(ProjectConfigurationPlatforms) = postSolution
		{6BC9933A-E411-4ACB-A771-130157405311}.Debug|Any CPU.ActiveCfg = Debug|Any CPU
		{6BC9933A-E411-4ACB-A771-130157405311}.Debug|Any CPU.Build.0 = Debug|Any CPU
		{6BC9933A-E411-4ACB-A771-130157405311}.Release|Any CPU.ActiveCfg = Release|Any CPU
		{6BC9933A-E411-4ACB-A771-130157405311}.Release|Any CPU.Build.0 = Release|Any CPU
		{858EA95E-7321-43E0-910A-2DCDCF236243}.Debug|Any CPU.ActiveCfg = Debug|Any CPU
		{858EA95E-7321-43E0-910A-2DCDCF236243}.Debug|Any CPU.Build.0 = Debug|Any CPU
		{858EA95E-7321-43E0-910A-2DCDCF236243}.Release|Any CPU.ActiveCfg = Release|Any CPU
		{858EA95E-7321-43E0-910A-2DCDCF236243}.Release|Any CPU.Build.0 = Release|Any CPU
	EndGlobalSection
	GlobalSection(SolutionProperties) = preSolution
		HideSolutionNode = FALSE
	EndGlobalSection
	GlobalSection(ExtensibilityGlobals) = postSolution
		SolutionGuid = {73F79C1D-AF43-4FEF-A7F5-3FDF165112AB}
	EndGlobalSection
EndGlobal
