
Microsoft Visual Studio Solution File, Format Version 12.00
# Visual Studio 15
VisualStudioVersion = 15.0.28307.168
MinimumVisualStudioVersion = 10.0.40219.1
Project("{2150E333-8FDC-42A3-9474-1A3956D46DE8}") = "src", "src", "{DCB4F2F9-730F-4CBD-8109-E383C8DB6612}"
EndProject
Project("{FAE04EC0-301F-11D3-BF4B-00C04F79EFBC}") = "JavaScriptClient", "JavaScriptClient\JavaScriptClient.csproj", "{B8EF2B80-2DD9-4DA0-A119-3ADDE1DD551C}"
EndProject
Project("{9A19103F-16F7-4668-BE54-9A1E7A4F7556}") = "IdentityServer", "IdentityServer\IdentityServer.csproj", "{33E13DCB-C9B8-4088-982F-27E6A2310A8C}"
EndProject
Project("{9A19103F-16F7-4668-BE54-9A1E7A4F7556}") = "Api", "Api\Api.csproj", "{6FFADA8C-F7B9-4F30-9F27-266E76C24579}"
EndProject
Global
	GlobalSection(SolutionConfigurationPlatforms) = preSolution
		Debug|Any CPU = Debug|Any CPU
		Release|Any CPU = Release|Any CPU
	EndGlobalSection
	GlobalSection(ProjectConfigurationPlatforms) = postSolution
		{B8EF2B80-2DD9-4DA0-A119-3ADDE1DD551C}.Debug|Any CPU.ActiveCfg = Debug|Any CPU
		{B8EF2B80-2DD9-4DA0-A119-3ADDE1DD551C}.Debug|Any CPU.Build.0 = Debug|Any CPU
		{B8EF2B80-2DD9-4DA0-A119-3ADDE1DD551C}.Release|Any CPU.ActiveCfg = Release|Any CPU
		{B8EF2B80-2DD9-4DA0-A119-3ADDE1DD551C}.Release|Any CPU.Build.0 = Release|Any CPU
		{33E13DCB-C9B8-4088-982F-27E6A2310A8C}.Debug|Any CPU.ActiveCfg = Debug|Any CPU
		{33E13DCB-C9B8-4088-982F-27E6A2310A8C}.Debug|Any CPU.Build.0 = Debug|Any CPU
		{33E13DCB-C9B8-4088-982F-27E6A2310A8C}.Release|Any CPU.ActiveCfg = Release|Any CPU
		{33E13DCB-C9B8-4088-982F-27E6A2310A8C}.Release|Any CPU.Build.0 = Release|Any CPU
		{6FFADA8C-F7B9-4F30-9F27-266E76C24579}.Debug|Any CPU.ActiveCfg = Debug|Any CPU
		{6FFADA8C-F7B9-4F30-9F27-266E76C24579}.Debug|Any CPU.Build.0 = Debug|Any CPU
		{6FFADA8C-F7B9-4F30-9F27-266E76C24579}.Release|Any CPU.ActiveCfg = Release|Any CPU
		{6FFADA8C-F7B9-4F30-9F27-266E76C24579}.Release|Any CPU.Build.0 = Release|Any CPU
	EndGlobalSection
	GlobalSection(SolutionProperties) = preSolution
		HideSolutionNode = FALSE
	EndGlobalSection
	GlobalSection(NestedProjects) = preSolution
		{B8EF2B80-2DD9-4DA0-A119-3ADDE1DD551C} = {DCB4F2F9-730F-4CBD-8109-E383C8DB6612}
		{33E13DCB-C9B8-4088-982F-27E6A2310A8C} = {DCB4F2F9-730F-4CBD-8109-E383C8DB6612}
		{6FFADA8C-F7B9-4F30-9F27-266E76C24579} = {DCB4F2F9-730F-4CBD-8109-E383C8DB6612}
	EndGlobalSection
	GlobalSection(ExtensibilityGlobals) = postSolution
		SolutionGuid = {EA91DF55-5C53-46A6-8DAB-E0EAB5219552}
	EndGlobalSection
EndGlobal
